
Microsoft Visual Studio Solution File, Format Version 12.00
# Visual Studio 15
VisualStudioVersion = 15.0.27130.2024
MinimumVisualStudioVersion = 10.0.40219.1
Project("{9A19103F-16F7-4668-BE54-9A1E7A4F7556}") = "K4os.Async.Batch", "K4os.Async.Batch\K4os.Async.Batch.csproj", "{0FEF4ED5-D1F2-424D-8165-01BD00BDFAD2}"
EndProject
Project("{FAE04EC0-301F-11D3-BF4B-00C04F79EFBC}") = "K4os.Async.Batch.Test", "K4os.Async.Batch.Test\K4os.Async.Batch.Test.csproj", "{1682B37B-25DE-415E-8C36-1CEA7C442CB9}"
EndProject
Project("{2150E333-8FDC-42A3-9474-1A3956D46DE8}") = ".build", ".build", "{835ECDA0-7229-4D96-8B74-8D9F119E6683}"
	ProjectSection(SolutionItems) = preProject
		..\build.fsx = ..\build.fsx
		..\build.tools.fsx = ..\build.tools.fsx
		..\CHANGES.md = ..\CHANGES.md
		..\paket.dependencies = ..\paket.dependencies
		..\README.md = ..\README.md
		..\.secrets.cfg = ..\.secrets.cfg
		..\Common.targets = ..\Common.targets
		..\LICENSE = ..\LICENSE
		..\settings.cfg = ..\settings.cfg
		..\.gitignore = ..\.gitignore
		..\Signing.targets = ..\Signing.targets
	EndProjectSection
EndProject
Global
	GlobalSection(SolutionConfigurationPlatforms) = preSolution
		Debug|Any CPU = Debug|Any CPU
		Release|Any CPU = Release|Any CPU
	EndGlobalSection
	GlobalSection(ProjectConfigurationPlatforms) = postSolution
		{0FEF4ED5-D1F2-424D-8165-01BD00BDFAD2}.Debug|Any CPU.ActiveCfg = Debug|Any CPU
		{0FEF4ED5-D1F2-424D-8165-01BD00BDFAD2}.Debug|Any CPU.Build.0 = Debug|Any CPU
		{0FEF4ED5-D1F2-424D-8165-01BD00BDFAD2}.Release|Any CPU.ActiveCfg = Release|Any CPU
		{0FEF4ED5-D1F2-424D-8165-01BD00BDFAD2}.Release|Any CPU.Build.0 = Release|Any CPU
		{1682B37B-25DE-415E-8C36-1CEA7C442CB9}.Debug|Any CPU.ActiveCfg = Debug|Any CPU
		{1682B37B-25DE-415E-8C36-1CEA7C442CB9}.Debug|Any CPU.Build.0 = Debug|Any CPU
		{1682B37B-25DE-415E-8C36-1CEA7C442CB9}.Release|Any CPU.ActiveCfg = Release|Any CPU
		{1682B37B-25DE-415E-8C36-1CEA7C442CB9}.Release|Any CPU.Build.0 = Release|Any CPU
	EndGlobalSection
	GlobalSection(SolutionProperties) = preSolution
		HideSolutionNode = FALSE
	EndGlobalSection
	GlobalSection(ExtensibilityGlobals) = postSolution
		SolutionGuid = {582A06D8-B2C5-41F1-AC93-5CA861F8A201}
	EndGlobalSection
EndGlobal
